
Microsoft Visual Studio Solution File, Format Version 12.00
# Visual Studio Version 18
VisualStudioVersion = 18.2.11415.280 d18.0
MinimumVisualStudioVersion = 10.0.40219.1
Project("{8BC9CEB8-8B4A-11D0-8D11-00A0C91BC942}") = "MainProject", "MainProject\MainProject.vcxproj", "{4E93E631-27CC-4FE6-BEA4-D91A051304F3}"
EndProject
Project("{8BC9CEB8-8B4A-11D0-8D11-00A0C91BC942}") = "MovieManagement", "MovieManagement\MovieManagement.vcxproj", "{E9A4C607-F88E-47EE-93D4-25B33E02616F}"
EndProject
Global
	GlobalSection(SolutionConfigurationPlatforms) = preSolution
		Debug|x64 = Debug|x64
		Debug|x86 = Debug|x86
		Release|x64 = Release|x64
		Release|x86 = Release|x86
	EndGlobalSection
	GlobalSection(ProjectConfigurationPlatforms) = postSolution
		{4E93E631-27CC-4FE6-BEA4-D91A051304F3}.Debug|x64.ActiveCfg = Debug|x64
		{4E93E631-27CC-4FE6-BEA4-D91A051304F3}.Debug|x64.Build.0 = Debug|x64
		{4E93E631-27CC-4FE6-BEA4-D91A051304F3}.Debug|x86.ActiveCfg = Debug|Win32
		{4E93E631-27CC-4FE6-BEA4-D91A051304F3}.Debug|x86.Build.0 = Debug|Win32
		{4E93E631-27CC-4FE6-BEA4-D91A051304F3}.Release|x64.ActiveCfg = Release|x64
		{4E93E631-27CC-4FE6-BEA4-D91A051304F3}.Release|x64.Build.0 = Release|x64
		{4E93E631-27CC-4FE6-BEA4-D91A051304F3}.Release|x86.ActiveCfg = Release|Win32
		{4E93E631-27CC-4FE6-BEA4-D91A051304F3}.Release|x86.Build.0 = Release|Win32
		{E9A4C607-F88E-47EE-93D4-25B33E02616F}.Debug|x64.ActiveCfg = Debug|x64
		{E9A4C607-F88E-47EE-93D4-25B33E02616F}.Debug|x64.Build.0 = Debug|x64
		{E9A4C607-F88E-47EE-93D4-25B33E02616F}.Debug|x86.ActiveCfg = Debug|Win32
		{E9A4C607-F88E-47EE-93D4-25B33E02616F}.Debug|x86.Build.0 = Debug|Win32
		{E9A4C607-F88E-47EE-93D4-25B33E02616F}.Release|x64.ActiveCfg = Release|x64
		{E9A4C607-F88E-47EE-93D4-25B33E02616F}.Release|x64.Build.0 = Release|x64
		{E9A4C607-F88E-47EE-93D4-25B33E02616F}.Release|x86.ActiveCfg = Release|Win32
		{E9A4C607-F88E-47EE-93D4-25B33E02616F}.Release|x86.Build.0 = Release|Win32
	EndGlobalSection
	GlobalSection(SolutionProperties) = preSolution
		HideSolutionNode = FALSE
	EndGlobalSection
	GlobalSection(ExtensibilityGlobals) = postSolution
		SolutionGuid = {C01DDA41-E110-48DC-ADC5-327DAACC0378}
	EndGlobalSection
EndGlobal
